{
  "name": "Task_6",
  "lockfileVersion": 3,
  "requires": true,
  "packages": {
    "": {
      "dependencies": {
        "konva": "^9.3.3"
      }
    },
    "node_modules/konva": {
      "version": "9.3.3",
      "resolved": "https://registry.npmjs.org/konva/-/konva-9.3.3.tgz",
      "integrity": "sha512-cg/AHxnfawZ1rKxygCnzx0TZY7hQiQiAKgAHPinEwMn49MVrBkeKLj2d0EaleoFG/0y0XhEKTD0dFZiPPdWlCQ==",
      "funding": [
        {
          "type": "patreon",
          "url": "https://www.patreon.com/lavrton"
        },
        {
          "type": "opencollective",
          "url": "https://opencollective.com/konva"
        },
        {
          "type": "github",
          "url": "https://github.com/sponsors/lavrton"
        }
      ]
    }
  }
}
