
Microsoft Visual Studio Solution File, Format Version 12.00
# Visual Studio Version 17
VisualStudioVersion = 17.8.34316.72
MinimumVisualStudioVersion = 10.0.40219.1
Project("{FAE04EC0-301F-11D3-BF4B-00C04F79EFBC}") = "Task_6", "Task_6.csproj", "{1F334E51-1A82-482A-BC99-FDAEA398042D}"
EndProject
Global
	GlobalSection(SolutionConfigurationPlatforms) = preSolution
		Debug|Any CPU = Debug|Any CPU
		Release|Any CPU = Release|Any CPU
	EndGlobalSection
	GlobalSection(ProjectConfigurationPlatforms) = postSolution
		{1F334E51-1A82-482A-BC99-FDAEA398042D}.Debug|Any CPU.ActiveCfg = Debug|Any CPU
		{1F334E51-1A82-482A-BC99-FDAEA398042D}.Debug|Any CPU.Build.0 = Debug|Any CPU
		{1F334E51-1A82-482A-BC99-FDAEA398042D}.Release|Any CPU.ActiveCfg = Release|Any CPU
		{1F334E51-1A82-482A-BC99-FDAEA398042D}.Release|Any CPU.Build.0 = Release|Any CPU
	EndGlobalSection
	GlobalSection(SolutionProperties) = preSolution
		HideSolutionNode = FALSE
	EndGlobalSection
	GlobalSection(ExtensibilityGlobals) = postSolution
		SolutionGuid = {6FEDF64D-D469-4665-ACC2-440ACD9E41AC}
	EndGlobalSection
EndGlobal
